
Microsoft Visual Studio Solution File, Format Version 12.00
# Visual Studio 15
VisualStudioVersion = 15.0.26730.16
MinimumVisualStudioVersion = 10.0.40219.1
Project("{888888A0-9F3D-457C-B088-3A5042F75D52}") = "01test", "01test\01test.pyproj", "{0B4C4DC3-DB9D-44C9-95CD-F33A32166C84}"
EndProject
Global
	GlobalSection(SolutionConfigurationPlatforms) = preSolution
		Debug|Any CPU = Debug|Any CPU
		Release|Any CPU = Release|Any CPU
	EndGlobalSection
	GlobalSection(ProjectConfigurationPlatforms) = postSolution
		{0B4C4DC3-DB9D-44C9-95CD-F33A32166C84}.Debug|Any CPU.ActiveCfg = Debug|Any CPU
		{0B4C4DC3-DB9D-44C9-95CD-F33A32166C84}.Release|Any CPU.ActiveCfg = Release|Any CPU
	EndGlobalSection
	GlobalSection(SolutionProperties) = preSolution
		HideSolutionNode = FALSE
	EndGlobalSection
	GlobalSection(ExtensibilityGlobals) = postSolution
		SolutionGuid = {23D2DBE5-5A5D-4A6F-B758-9E7A82CE5226}
	EndGlobalSection
EndGlobal
